
Microsoft Visual Studio Solution File, Format Version 12.00
# Visual Studio Version 16
VisualStudioVersion = 16.0.29613.14
MinimumVisualStudioVersion = 10.0.40219.1
Project("{FAE04EC0-301F-11D3-BF4B-00C04F79EFBC}") = "Sedlak_PosProjekt", "Sedlak_PosProjekt\Sedlak_PosProjekt.csproj", "{AF618CE3-F604-4A38-8541-94F980975862}"
EndProject
Global
	GlobalSection(SolutionConfigurationPlatforms) = preSolution
		Debug|Any CPU = Debug|Any CPU
		Release|Any CPU = Release|Any CPU
	EndGlobalSection
	GlobalSection(ProjectConfigurationPlatforms) = postSolution
		{AF618CE3-F604-4A38-8541-94F980975862}.Debug|Any CPU.ActiveCfg = Debug|Any CPU
		{AF618CE3-F604-4A38-8541-94F980975862}.Debug|Any CPU.Build.0 = Debug|Any CPU
		{AF618CE3-F604-4A38-8541-94F980975862}.Release|Any CPU.ActiveCfg = Release|Any CPU
		{AF618CE3-F604-4A38-8541-94F980975862}.Release|Any CPU.Build.0 = Release|Any CPU
	EndGlobalSection
	GlobalSection(SolutionProperties) = preSolution
		HideSolutionNode = FALSE
	EndGlobalSection
	GlobalSection(ExtensibilityGlobals) = postSolution
		SolutionGuid = {CB12EAF3-81FA-44DD-8789-EE76B24F9A10}
	EndGlobalSection
EndGlobal
